
Microsoft Visual Studio Solution File, Format Version 12.00
# Visual Studio Version 17
VisualStudioVersion = 17.5.33502.453
MinimumVisualStudioVersion = 10.0.40219.1
Project("{9A19103F-16F7-4668-BE54-9A1E7A4F7556}") = "BackendApi", "BackendApi\BackendApi.csproj", "{0F43256F-8337-41EA-9026-F80D2466DA8B}"
EndProject
Project("{9A19103F-16F7-4668-BE54-9A1E7A4F7556}") = "DataAccess", "DataAccess\DataAccess.csproj", "{D47F960D-7041-4E15-BCF2-8DFFD036EDF0}"
EndProject
Project("{9A19103F-16F7-4668-BE54-9A1E7A4F7556}") = "BusinessLogic", "BusinessLogic\BusinessLogic.csproj", "{99733554-EF26-4BA7-B112-1CD6C666F59B}"
EndProject
Project("{FAE04EC0-301F-11D3-BF4B-00C04F79EFBC}") = "Domain", "Domain\Domain.csproj", "{4F4C5407-4AA8-4F9F-89A9-BCAE6AB652CE}"
EndProject
Global
	GlobalSection(SolutionConfigurationPlatforms) = preSolution
		Debug|Any CPU = Debug|Any CPU
		Release|Any CPU = Release|Any CPU
	EndGlobalSection
	GlobalSection(ProjectConfigurationPlatforms) = postSolution
		{0F43256F-8337-41EA-9026-F80D2466DA8B}.Debug|Any CPU.ActiveCfg = Debug|Any CPU
		{0F43256F-8337-41EA-9026-F80D2466DA8B}.Debug|Any CPU.Build.0 = Debug|Any CPU
		{0F43256F-8337-41EA-9026-F80D2466DA8B}.Release|Any CPU.ActiveCfg = Release|Any CPU
		{0F43256F-8337-41EA-9026-F80D2466DA8B}.Release|Any CPU.Build.0 = Release|Any CPU
		{D47F960D-7041-4E15-BCF2-8DFFD036EDF0}.Debug|Any CPU.ActiveCfg = Debug|Any CPU
		{D47F960D-7041-4E15-BCF2-8DFFD036EDF0}.Debug|Any CPU.Build.0 = Debug|Any CPU
		{D47F960D-7041-4E15-BCF2-8DFFD036EDF0}.Release|Any CPU.ActiveCfg = Release|Any CPU
		{D47F960D-7041-4E15-BCF2-8DFFD036EDF0}.Release|Any CPU.Build.0 = Release|Any CPU
		{99733554-EF26-4BA7-B112-1CD6C666F59B}.Debug|Any CPU.ActiveCfg = Debug|Any CPU
		{99733554-EF26-4BA7-B112-1CD6C666F59B}.Debug|Any CPU.Build.0 = Debug|Any CPU
		{99733554-EF26-4BA7-B112-1CD6C666F59B}.Release|Any CPU.ActiveCfg = Release|Any CPU
		{99733554-EF26-4BA7-B112-1CD6C666F59B}.Release|Any CPU.Build.0 = Release|Any CPU
		{4F4C5407-4AA8-4F9F-89A9-BCAE6AB652CE}.Debug|Any CPU.ActiveCfg = Debug|Any CPU
		{4F4C5407-4AA8-4F9F-89A9-BCAE6AB652CE}.Debug|Any CPU.Build.0 = Debug|Any CPU
		{4F4C5407-4AA8-4F9F-89A9-BCAE6AB652CE}.Release|Any CPU.ActiveCfg = Release|Any CPU
		{4F4C5407-4AA8-4F9F-89A9-BCAE6AB652CE}.Release|Any CPU.Build.0 = Release|Any CPU
	EndGlobalSection
	GlobalSection(SolutionProperties) = preSolution
		HideSolutionNode = FALSE
	EndGlobalSection
	GlobalSection(ExtensibilityGlobals) = postSolution
		SolutionGuid = {6A0B21ED-121F-4B13-98D2-B3E2A6FDF945}
	EndGlobalSection
EndGlobal
