
Microsoft Visual Studio Solution File, Format Version 12.00
# Visual Studio Version 17
VisualStudioVersion = 17.4.33110.190
MinimumVisualStudioVersion = 10.0.40219.1
Project("{9A19103F-16F7-4668-BE54-9A1E7A4F7556}") = "BackendAPI_v2_0", "BackendAPI\BackendAPI_v2_0.csproj", "{3E0509B9-6E12-4435-A89D-038165B383A9}"
EndProject
Global
	GlobalSection(SolutionConfigurationPlatforms) = preSolution
		Debug|Any CPU = Debug|Any CPU
		Release|Any CPU = Release|Any CPU
	EndGlobalSection
	GlobalSection(ProjectConfigurationPlatforms) = postSolution
		{3E0509B9-6E12-4435-A89D-038165B383A9}.Debug|Any CPU.ActiveCfg = Debug|Any CPU
		{3E0509B9-6E12-4435-A89D-038165B383A9}.Debug|Any CPU.Build.0 = Debug|Any CPU
		{3E0509B9-6E12-4435-A89D-038165B383A9}.Release|Any CPU.ActiveCfg = Release|Any CPU
		{3E0509B9-6E12-4435-A89D-038165B383A9}.Release|Any CPU.Build.0 = Release|Any CPU
	EndGlobalSection
	GlobalSection(SolutionProperties) = preSolution
		HideSolutionNode = FALSE
	EndGlobalSection
	GlobalSection(ExtensibilityGlobals) = postSolution
		SolutionGuid = {3DD63C68-E989-466B-AEBC-1C4CEC8C5B33}
	EndGlobalSection
EndGlobal
